
Microsoft Visual Studio Solution File, Format Version 12.00
# Visual Studio 15
VisualStudioVersion = 15.0.28307.271
MinimumVisualStudioVersion = 10.0.40219.1
Project("{8BC9CEB8-8B4A-11D0-8D11-00A0C91BC942}") = "reactphysics3d", "GameProject\reactphysics3d.vcxproj", "{BA500177-E9EA-3EA9-BC1F-E7962ED2E9A0}"
EndProject
Project("{8BC9CEB8-8B4A-11D0-8D11-00A0C91BC942}") = "GameProject", "GameProject\GameProject.vcxproj", "{0CCD4083-B077-4A10-B7A4-32032764ADFD}"
EndProject
Global
	GlobalSection(SolutionConfigurationPlatforms) = preSolution
		Debug|x64 = Debug|x64
		Debug|x86 = Debug|x86
		MinSizeRel|x64 = MinSizeRel|x64
		MinSizeRel|x86 = MinSizeRel|x86
		Release|x64 = Release|x64
		Release|x86 = Release|x86
		RelWithDebInfo|x64 = RelWithDebInfo|x64
		RelWithDebInfo|x86 = RelWithDebInfo|x86
	EndGlobalSection
	GlobalSection(ProjectConfigurationPlatforms) = postSolution
		{BA500177-E9EA-3EA9-BC1F-E7962ED2E9A0}.Debug|x64.ActiveCfg = Debug|Win32
		{BA500177-E9EA-3EA9-BC1F-E7962ED2E9A0}.Debug|x86.ActiveCfg = Debug|Win32
		{BA500177-E9EA-3EA9-BC1F-E7962ED2E9A0}.MinSizeRel|x64.ActiveCfg = MinSizeRel|Win32
		{BA500177-E9EA-3EA9-BC1F-E7962ED2E9A0}.MinSizeRel|x86.ActiveCfg = MinSizeRel|Win32
		{BA500177-E9EA-3EA9-BC1F-E7962ED2E9A0}.MinSizeRel|x86.Build.0 = MinSizeRel|Win32
		{BA500177-E9EA-3EA9-BC1F-E7962ED2E9A0}.Release|x64.ActiveCfg = Release|Win32
		{BA500177-E9EA-3EA9-BC1F-E7962ED2E9A0}.Release|x86.ActiveCfg = Release|Win32
		{BA500177-E9EA-3EA9-BC1F-E7962ED2E9A0}.RelWithDebInfo|x64.ActiveCfg = RelWithDebInfo|Win32
		{BA500177-E9EA-3EA9-BC1F-E7962ED2E9A0}.RelWithDebInfo|x86.ActiveCfg = RelWithDebInfo|Win32
		{BA500177-E9EA-3EA9-BC1F-E7962ED2E9A0}.RelWithDebInfo|x86.Build.0 = RelWithDebInfo|Win32
		{0CCD4083-B077-4A10-B7A4-32032764ADFD}.Debug|x64.ActiveCfg = Debug|x64
		{0CCD4083-B077-4A10-B7A4-32032764ADFD}.Debug|x64.Build.0 = Debug|x64
		{0CCD4083-B077-4A10-B7A4-32032764ADFD}.Debug|x86.ActiveCfg = Debug|Win32
		{0CCD4083-B077-4A10-B7A4-32032764ADFD}.Debug|x86.Build.0 = Debug|Win32
		{0CCD4083-B077-4A10-B7A4-32032764ADFD}.MinSizeRel|x64.ActiveCfg = Release|x64
		{0CCD4083-B077-4A10-B7A4-32032764ADFD}.MinSizeRel|x64.Build.0 = Release|x64
		{0CCD4083-B077-4A10-B7A4-32032764ADFD}.MinSizeRel|x86.ActiveCfg = Release|Win32
		{0CCD4083-B077-4A10-B7A4-32032764ADFD}.MinSizeRel|x86.Build.0 = Release|Win32
		{0CCD4083-B077-4A10-B7A4-32032764ADFD}.Release|x64.ActiveCfg = Release|x64
		{0CCD4083-B077-4A10-B7A4-32032764ADFD}.Release|x64.Build.0 = Release|x64
		{0CCD4083-B077-4A10-B7A4-32032764ADFD}.Release|x86.ActiveCfg = Release|Win32
		{0CCD4083-B077-4A10-B7A4-32032764ADFD}.Release|x86.Build.0 = Release|Win32
		{0CCD4083-B077-4A10-B7A4-32032764ADFD}.RelWithDebInfo|x64.ActiveCfg = Release|x64
		{0CCD4083-B077-4A10-B7A4-32032764ADFD}.RelWithDebInfo|x64.Build.0 = Release|x64
		{0CCD4083-B077-4A10-B7A4-32032764ADFD}.RelWithDebInfo|x86.ActiveCfg = Release|Win32
		{0CCD4083-B077-4A10-B7A4-32032764ADFD}.RelWithDebInfo|x86.Build.0 = Release|Win32
	EndGlobalSection
	GlobalSection(SolutionProperties) = preSolution
		HideSolutionNode = FALSE
	EndGlobalSection
	GlobalSection(ExtensibilityGlobals) = postSolution
		SolutionGuid = {7E11BD7E-DD62-4D99-91DB-ECA4CAF9094B}
	EndGlobalSection
EndGlobal
